
Microsoft Visual Studio Solution File, Format Version 12.00
# Visual Studio Version 17
VisualStudioVersion = 17.9.34728.123
MinimumVisualStudioVersion = 10.0.40219.1
Project("{FAE04EC0-301F-11D3-BF4B-00C04F79EFBC}") = "News24.Business", "News24.Business\News24.Business.csproj", "{4E09EC76-872E-4C01-A5DF-4DC6B63536C1}"
EndProject
Project("{FAE04EC0-301F-11D3-BF4B-00C04F79EFBC}") = "News24.Common", "News24.Common\News24.Common.csproj", "{14C4FA7A-9C13-450D-8328-2C6F00210857}"
EndProject
Project("{FAE04EC0-301F-11D3-BF4B-00C04F79EFBC}") = "News24.Data", "News24.Data\News24.Data.csproj", "{D0803A15-D2C8-4C45-8C72-188B73AC4277}"
EndProject
Project("{FAE04EC0-301F-11D3-BF4B-00C04F79EFBC}") = "News24.DTOs", "News24.DTOs\News24.DTOs.csproj", "{8ACB7064-01EF-4501-B38F-7515EF5A4F53}"
EndProject
Project("{FAE04EC0-301F-11D3-BF4B-00C04F79EFBC}") = "News24.Web", "News24.Web\News24.Web.csproj", "{291CEA88-E282-480A-A3AE-C9C18BD69898}"
EndProject
Global
	GlobalSection(SolutionConfigurationPlatforms) = preSolution
		Debug|Any CPU = Debug|Any CPU
		Release|Any CPU = Release|Any CPU
	EndGlobalSection
	GlobalSection(ProjectConfigurationPlatforms) = postSolution
		{4E09EC76-872E-4C01-A5DF-4DC6B63536C1}.Debug|Any CPU.ActiveCfg = Debug|Any CPU
		{4E09EC76-872E-4C01-A5DF-4DC6B63536C1}.Debug|Any CPU.Build.0 = Debug|Any CPU
		{4E09EC76-872E-4C01-A5DF-4DC6B63536C1}.Release|Any CPU.ActiveCfg = Release|Any CPU
		{4E09EC76-872E-4C01-A5DF-4DC6B63536C1}.Release|Any CPU.Build.0 = Release|Any CPU
		{14C4FA7A-9C13-450D-8328-2C6F00210857}.Debug|Any CPU.ActiveCfg = Debug|Any CPU
		{14C4FA7A-9C13-450D-8328-2C6F00210857}.Debug|Any CPU.Build.0 = Debug|Any CPU
		{14C4FA7A-9C13-450D-8328-2C6F00210857}.Release|Any CPU.ActiveCfg = Release|Any CPU
		{14C4FA7A-9C13-450D-8328-2C6F00210857}.Release|Any CPU.Build.0 = Release|Any CPU
		{D0803A15-D2C8-4C45-8C72-188B73AC4277}.Debug|Any CPU.ActiveCfg = Debug|Any CPU
		{D0803A15-D2C8-4C45-8C72-188B73AC4277}.Debug|Any CPU.Build.0 = Debug|Any CPU
		{D0803A15-D2C8-4C45-8C72-188B73AC4277}.Release|Any CPU.ActiveCfg = Release|Any CPU
		{D0803A15-D2C8-4C45-8C72-188B73AC4277}.Release|Any CPU.Build.0 = Release|Any CPU
		{8ACB7064-01EF-4501-B38F-7515EF5A4F53}.Debug|Any CPU.ActiveCfg = Debug|Any CPU
		{8ACB7064-01EF-4501-B38F-7515EF5A4F53}.Debug|Any CPU.Build.0 = Debug|Any CPU
		{8ACB7064-01EF-4501-B38F-7515EF5A4F53}.Release|Any CPU.ActiveCfg = Release|Any CPU
		{8ACB7064-01EF-4501-B38F-7515EF5A4F53}.Release|Any CPU.Build.0 = Release|Any CPU
		{291CEA88-E282-480A-A3AE-C9C18BD69898}.Debug|Any CPU.ActiveCfg = Debug|Any CPU
		{291CEA88-E282-480A-A3AE-C9C18BD69898}.Debug|Any CPU.Build.0 = Debug|Any CPU
		{291CEA88-E282-480A-A3AE-C9C18BD69898}.Release|Any CPU.ActiveCfg = Release|Any CPU
		{291CEA88-E282-480A-A3AE-C9C18BD69898}.Release|Any CPU.Build.0 = Release|Any CPU
	EndGlobalSection
	GlobalSection(SolutionProperties) = preSolution
		HideSolutionNode = FALSE
	EndGlobalSection
	GlobalSection(ExtensibilityGlobals) = postSolution
		SolutionGuid = {FBAE242E-9B7E-408B-BF70-EF10919233D4}
	EndGlobalSection
EndGlobal
